// !$*UTF8*$!
{
	archiveVersion = 1;
	classes = {
	};
	objectVersion = 46;
	objects = {

/* Begin PBXBuildFile section */
		6DFF39351D88D83400A77241 /* echoserver.c in Sources */ = {isa = PBXBuildFile; fileRef = 6DFF39341D88D83400A77241 /* echoserver.c */; };
		6DFF39391D88D93B00A77241 /* AlPACA.framework in Frameworks */ = {isa = PBXBuildFile; fileRef = 6DFF39381D88D93B00A77241 /* AlPACA.framework */; };
/* End PBXBuildFile section */

/* Begin PBXCopyFilesBuildPhase section */
		6DFF39281D88D81100A77241 /* CopyFiles */ = {
			isa = PBXCopyFilesBuildPhase;
			buildActionMask = 2147483647;
			dstPath = /usr/share/man/man1/;
			dstSubfolderSpec = 0;
			files = (
			);
			runOnlyForDeploymentPostprocessing = 1;
		};
/* End PBXCopyFilesBuildPhase section */

/* Begin PBXFileReference section */
		6DFF392A1D88D81100A77241 /* HTTP-Server-C */ = {isa = PBXFileReference; explicitFileType = "compiled.mach-o.executable"; includeInIndex = 0; path = "HTTP-Server-C"; sourceTree = BUILT_PRODUCTS_DIR; };
		6DFF39341D88D83400A77241 /* echoserver.c */ = {isa = PBXFileReference; fileEncoding = 4; lastKnownFileType = sourcecode.c.c; name = echoserver.c; path = "../../../src/examples-c/echoserver.c"; sourceTree = "<group>"; };
		6DFF39381D88D93B00A77241 /* AlPACA.framework */ = {isa = PBXFileReference; lastKnownFileType = wrapper.framework; name = AlPACA.framework; path = "../../AlPACA-Framework-C/DerivedData/AlPACA-Framework-C/Build/Products/Debug/AlPACA.framework"; sourceTree = "<group>"; };
/* End PBXFileReference section */

/* Begin PBXFrameworksBuildPhase section */
		6DFF39271D88D81100A77241 /* Frameworks */ = {
			isa = PBXFrameworksBuildPhase;
			buildActionMask = 2147483647;
			files = (
				6DFF39391D88D93B00A77241 /* AlPACA.framework in Frameworks */,
			);
			runOnlyForDeploymentPostprocessing = 0;
		};
/* End PBXFrameworksBuildPhase section */

/* Begin PBXGroup section */
		6DFF39211D88D81100A77241 = {
			isa = PBXGroup;
			children = (
				6DFF39381D88D93B00A77241 /* AlPACA.framework */,
				6DFF39341D88D83400A77241 /* echoserver.c */,
				6DFF392B1D88D81100A77241 /* Products */,
			);
			sourceTree = "<group>";
		};
		6DFF392B1D88D81100A77241 /* Products */ = {
			isa = PBXGroup;
			children = (
				6DFF392A1D88D81100A77241 /* HTTP-Server-C */,
			);
			name = Products;
			sourceTree = "<group>";
		};
/* End PBXGroup section */

/* Begin PBXNativeTarget section */
		6DFF39291D88D81100A77241 /* HTTP-Server-C */ = {
			isa = PBXNativeTarget;
			buildConfigurationList = 6DFF39311D88D81100A77241 /* Build configuration list for PBXNativeTarget "HTTP-Server-C" */;
			buildPhases = (
				6DFF39261D88D81100A77241 /* Sources */,
				6DFF39271D88D81100A77241 /* Frameworks */,
				6DFF39281D88D81100A77241 /* CopyFiles */,
			);
			buildRules = (
			);
			dependencies = (
			);
			name = "HTTP-Server-C";
			productName = "HTTP-Server-C";
			productReference = 6DFF392A1D88D81100A77241 /* HTTP-Server-C */;
			productType = "com.apple.product-type.tool";
		};
/* End PBXNativeTarget section */

/* Begin PBXProject section */
		6DFF39221D88D81100A77241 /* Project object */ = {
			isa = PBXProject;
			attributes = {
				LastUpgradeCheck = 0730;
				TargetAttributes = {
					6DFF39291D88D81100A77241 = {
						CreatedOnToolsVersion = 7.3.1;
					};
				};
			};
			buildConfigurationList = 6DFF39251D88D81100A77241 /* Build configuration list for PBXProject "HTTP-Server-C" */;
			compatibilityVersion = "Xcode 3.2";
			developmentRegion = English;
			hasScannedForEncodings = 0;
			knownRegions = (
				en,
			);
			mainGroup = 6DFF39211D88D81100A77241;
			productRefGroup = 6DFF392B1D88D81100A77241 /* Products */;
			projectDirPath = "";
			projectRoot = "";
			targets = (
				6DFF39291D88D81100A77241 /* HTTP-Server-C */,
			);
		};
/* End PBXProject section */

/* Begin PBXSourcesBuildPhase section */
		6DFF39261D88D81100A77241 /* Sources */ = {
			isa = PBXSourcesBuildPhase;
			buildActionMask = 2147483647;
			files = (
				6DFF39351D88D83400A77241 /* echoserver.c in Sources */,
			);
			runOnlyForDeploymentPostprocessing = 0;
		};
/* End PBXSourcesBuildPhase section */

/* Begin XCBuildConfiguration section */
		6DFF392F1D88D81100A77241 /* Debug */ = {
			isa = XCBuildConfiguration;
			buildSettings = {
				ALWAYS_SEARCH_USER_PATHS = NO;
				CLANG_ANALYZER_NONNULL = YES;
				CLANG_CXX_LANGUAGE_STANDARD = "gnu++0x";
				CLANG_CXX_LIBRARY = "libc++";
				CLANG_ENABLE_MODULES = YES;
				CLANG_ENABLE_OBJC_ARC = YES;
				CLANG_WARN_BOOL_CONVERSION = YES;
				CLANG_WARN_CONSTANT_CONVERSION = YES;
				CLANG_WARN_DIRECT_OBJC_ISA_USAGE = YES_ERROR;
				CLANG_WARN_EMPTY_BODY = YES;
				CLANG_WARN_ENUM_CONVERSION = YES;
				CLANG_WARN_INT_CONVERSION = YES;
				CLANG_WARN_OBJC_ROOT_CLASS = YES_ERROR;
				CLANG_WARN_UNREACHABLE_CODE = YES;
				CLANG_WARN__DUPLICATE_METHOD_MATCH = YES;
				CODE_SIGN_IDENTITY = "-";
				COPY_PHASE_STRIP = NO;
				DEBUG_INFORMATION_FORMAT = dwarf;
				ENABLE_STRICT_OBJC_MSGSEND = YES;
				ENABLE_TESTABILITY = YES;
				GCC_C_LANGUAGE_STANDARD = gnu99;
				GCC_DYNAMIC_NO_PIC = NO;
				GCC_NO_COMMON_BLOCKS = YES;
				GCC_OPTIMIZATION_LEVEL = 0;
				GCC_PREPROCESSOR_DEFINITIONS = (
					"DEBUG=1",
					"$(inherited)",
				);
				GCC_WARN_64_TO_32_BIT_CONVERSION = YES;
				GCC_WARN_ABOUT_RETURN_TYPE = YES_ERROR;
				GCC_WARN_UNDECLARED_SELECTOR = YES;
				GCC_WARN_UNINITIALIZED_AUTOS = YES_AGGRESSIVE;
				GCC_WARN_UNUSED_FUNCTION = YES;
				GCC_WARN_UNUSED_VARIABLE = YES;
				MACOSX_DEPLOYMENT_TARGET = 10.11;
				MTL_ENABLE_DEBUG_INFO = YES;
				ONLY_ACTIVE_ARCH = YES;
				SDKROOT = macosx;
			};
			name = Debug;
		};
		6DFF39301D88D81100A77241 /* Release */ = {
			isa = XCBuildConfiguration;
			buildSettings = {
				ALWAYS_SEARCH_USER_PATHS = NO;
				CLANG_ANALYZER_NONNULL = YES;
				CLANG_CXX_LANGUAGE_STANDARD = "gnu++0x";
				CLANG_CXX_LIBRARY = "libc++";
				CLANG_ENABLE_MODULES = YES;
				CLANG_ENABLE_OBJC_ARC = YES;
				CLANG_WARN_BOOL_CONVERSION = YES;
				CLANG_WARN_CONSTANT_CONVERSION = YES;
				CLANG_WARN_DIRECT_OBJC_ISA_USAGE = YES_ERROR;
				CLANG_WARN_EMPTY_BODY = YES;
				CLANG_WARN_ENUM_CONVERSION = YES;
				CLANG_WARN_INT_CONVERSION = YES;
				CLANG_WARN_OBJC_ROOT_CLASS = YES_ERROR;
				CLANG_WARN_UNREACHABLE_CODE = YES;
				CLANG_WARN__DUPLICATE_METHOD_MATCH = YES;
				CODE_SIGN_IDENTITY = "-";
				COPY_PHASE_STRIP = NO;
				DEBUG_INFORMATION_FORMAT = "dwarf-with-dsym";
				ENABLE_NS_ASSERTIONS = NO;
				ENABLE_STRICT_OBJC_MSGSEND = YES;
				GCC_C_LANGUAGE_STANDARD = gnu99;
				GCC_NO_COMMON_BLOCKS = YES;
				GCC_WARN_64_TO_32_BIT_CONVERSION = YES;
				GCC_WARN_ABOUT_RETURN_TYPE = YES_ERROR;
				GCC_WARN_UNDECLARED_SELECTOR = YES;
				GCC_WARN_UNINITIALIZED_AUTOS = YES_AGGRESSIVE;
				GCC_WARN_UNUSED_FUNCTION = YES;
				GCC_WARN_UNUSED_VARIABLE = YES;
				MACOSX_DEPLOYMENT_TARGET = 10.11;
				MTL_ENABLE_DEBUG_INFO = NO;
				SDKROOT = macosx;
			};
			name = Release;
		};
		6DFF39321D88D81100A77241 /* Debug */ = {
			isa = XCBuildConfiguration;
			buildSettings = {
				FRAMEWORK_SEARCH_PATHS = "$(SRCROOT)/../../AlPACA-Framework-C/DerivedData/AlPACA-Framework-C/Build/Products/Debug/";
				HEADER_SEARCH_PATHS = "$(SRCROOT)/../../../include/c/";
				PRODUCT_NAME = "$(TARGET_NAME)";
			};
			name = Debug;
		};
		6DFF39331D88D81100A77241 /* Release */ = {
			isa = XCBuildConfiguration;
			buildSettings = {
				FRAMEWORK_SEARCH_PATHS = "$(SRCROOT)/../../AlPACA-Framework-C/DerivedData/AlPACA-Framework-C/Build/Products/Debug/";
				HEADER_SEARCH_PATHS = "$(SRCROOT)/../../../include/c/";
				PRODUCT_NAME = "$(TARGET_NAME)";
			};
			name = Release;
		};
/* End XCBuildConfiguration section */

/* Begin XCConfigurationList section */
		6DFF39251D88D81100A77241 /* Build configuration list for PBXProject "HTTP-Server-C" */ = {
			isa = XCConfigurationList;
			buildConfigurations = (
				6DFF392F1D88D81100A77241 /* Debug */,
				6DFF39301D88D81100A77241 /* Release */,
			);
			defaultConfigurationIsVisible = 0;
			defaultConfigurationName = Release;
		};
		6DFF39311D88D81100A77241 /* Build configuration list for PBXNativeTarget "HTTP-Server-C" */ = {
			isa = XCConfigurationList;
			buildConfigurations = (
				6DFF39321D88D81100A77241 /* Debug */,
				6DFF39331D88D81100A77241 /* Release */,
			);
			defaultConfigurationIsVisible = 0;
		};
/* End XCConfigurationList section */
	};
	rootObject = 6DFF39221D88D81100A77241 /* Project object */;
}
