// !$*UTF8*$!
{
	archiveVersion = 1;
	classes = {
	};
	objectVersion = 46;
	objects = {

/* Begin PBXBuildFile section */
		6D4A0DA31D7E5B1800B35889 /* main.cpp in Sources */ = {isa = PBXBuildFile; fileRef = 6D4A0DA21D7E5B1800B35889 /* main.cpp */; };
		6D4A0DAB1D7E5C8700B35889 /* connections.cpp in Sources */ = {isa = PBXBuildFile; fileRef = 6D4A0DAA1D7E5C8700B35889 /* connections.cpp */; };
		6D4A0DC71D7E5E6D00B35889 /* connections.c in Sources */ = {isa = PBXBuildFile; fileRef = 6D4A0DC01D7E5E6D00B35889 /* connections.c */; };
		6D4A0DC81D7E5E6D00B35889 /* modules.c in Sources */ = {isa = PBXBuildFile; fileRef = 6D4A0DC11D7E5E6D00B35889 /* modules.c */; };
		6D4A0DC91D7E5E6D00B35889 /* mutex.c in Sources */ = {isa = PBXBuildFile; fileRef = 6D4A0DC21D7E5E6D00B35889 /* mutex.c */; };
		6D4A0DCA1D7E5E6D00B35889 /* read.c in Sources */ = {isa = PBXBuildFile; fileRef = 6D4A0DC31D7E5E6D00B35889 /* read.c */; };
		6D4A0DCB1D7E5E6D00B35889 /* http.c in Sources */ = {isa = PBXBuildFile; fileRef = 6D4A0DC41D7E5E6D00B35889 /* http.c */; };
		6D4A0DCC1D7E5E6D00B35889 /* server.c in Sources */ = {isa = PBXBuildFile; fileRef = 6D4A0DC51D7E5E6D00B35889 /* server.c */; };
		6D4A0DCD1D7E5E6D00B35889 /* utils.c in Sources */ = {isa = PBXBuildFile; fileRef = 6D4A0DC61D7E5E6D00B35889 /* utils.c */; };
		6DAFC0C41D80A374000FA01D /* server.cpp in Sources */ = {isa = PBXBuildFile; fileRef = 6DAFC0C31D80A374000FA01D /* server.cpp */; };
		6DFACC8B1D821053001B0B48 /* emptyserver.cpp in Sources */ = {isa = PBXBuildFile; fileRef = 6DFACC8A1D821053001B0B48 /* emptyserver.cpp */; };
		6DFACC8E1D8211C7001B0B48 /* basicserver.cpp in Sources */ = {isa = PBXBuildFile; fileRef = 6DFACC8D1D8211C7001B0B48 /* basicserver.cpp */; };
/* End PBXBuildFile section */

/* Begin PBXCopyFilesBuildPhase section */
		6D4A0D9D1D7E5B1800B35889 /* CopyFiles */ = {
			isa = PBXCopyFilesBuildPhase;
			buildActionMask = 2147483647;
			dstPath = /usr/share/man/man1/;
			dstSubfolderSpec = 0;
			files = (
			);
			runOnlyForDeploymentPostprocessing = 1;
		};
/* End PBXCopyFilesBuildPhase section */

/* Begin PBXFileReference section */
		6D4A0D9F1D7E5B1800B35889 /* AlPACAcpp */ = {isa = PBXFileReference; explicitFileType = "compiled.mach-o.executable"; includeInIndex = 0; path = AlPACAcpp; sourceTree = BUILT_PRODUCTS_DIR; };
		6D4A0DA21D7E5B1800B35889 /* main.cpp */ = {isa = PBXFileReference; lastKnownFileType = sourcecode.cpp.cpp; path = main.cpp; sourceTree = "<group>"; };
		6D4A0DA91D7E5C7300B35889 /* alpaca.hpp */ = {isa = PBXFileReference; lastKnownFileType = sourcecode.cpp.h; name = alpaca.hpp; path = ../../include/cpp/alpaca/alpaca.hpp; sourceTree = "<group>"; };
		6D4A0DAA1D7E5C8700B35889 /* connections.cpp */ = {isa = PBXFileReference; fileEncoding = 4; lastKnownFileType = sourcecode.cpp.cpp; name = connections.cpp; path = ../../src/cpp/connections.cpp; sourceTree = "<group>"; };
		6D4A0DC01D7E5E6D00B35889 /* connections.c */ = {isa = PBXFileReference; fileEncoding = 4; lastKnownFileType = sourcecode.c.c; name = connections.c; path = ../src/c/connections.c; sourceTree = "<group>"; };
		6D4A0DC11D7E5E6D00B35889 /* modules.c */ = {isa = PBXFileReference; fileEncoding = 4; lastKnownFileType = sourcecode.c.c; name = modules.c; path = ../src/c/modules.c; sourceTree = "<group>"; };
		6D4A0DC21D7E5E6D00B35889 /* mutex.c */ = {isa = PBXFileReference; fileEncoding = 4; lastKnownFileType = sourcecode.c.c; name = mutex.c; path = ../src/c/mutex.c; sourceTree = "<group>"; };
		6D4A0DC31D7E5E6D00B35889 /* read.c */ = {isa = PBXFileReference; fileEncoding = 4; lastKnownFileType = sourcecode.c.c; name = read.c; path = ../src/c/read.c; sourceTree = "<group>"; };
		6D4A0DC41D7E5E6D00B35889 /* http.c */ = {isa = PBXFileReference; fileEncoding = 4; lastKnownFileType = sourcecode.c.c; name = http.c; path = ../src/c/http.c; sourceTree = "<group>"; };
		6D4A0DC51D7E5E6D00B35889 /* server.c */ = {isa = PBXFileReference; fileEncoding = 4; lastKnownFileType = sourcecode.c.c; name = server.c; path = ../src/c/server.c; sourceTree = "<group>"; };
		6D4A0DC61D7E5E6D00B35889 /* utils.c */ = {isa = PBXFileReference; fileEncoding = 4; lastKnownFileType = sourcecode.c.c; name = utils.c; path = ../src/c/utils.c; sourceTree = "<group>"; };
		6D4A0DCE1D7E5E8800B35889 /* alpaca.h */ = {isa = PBXFileReference; fileEncoding = 4; lastKnownFileType = sourcecode.c.h; name = alpaca.h; path = ../include/c/alpaca/alpaca.h; sourceTree = "<group>"; };
		6D4A0DCF1D7E5E8800B35889 /* connections.h */ = {isa = PBXFileReference; fileEncoding = 4; lastKnownFileType = sourcecode.c.h; name = connections.h; path = ../include/c/alpaca/connections.h; sourceTree = "<group>"; };
		6D4A0DD01D7E5E8800B35889 /* defs.h */ = {isa = PBXFileReference; fileEncoding = 4; lastKnownFileType = sourcecode.c.h; name = defs.h; path = ../include/c/alpaca/defs.h; sourceTree = "<group>"; };
		6D4A0DD11D7E5E8800B35889 /* llist.h */ = {isa = PBXFileReference; fileEncoding = 4; lastKnownFileType = sourcecode.c.h; name = llist.h; path = ../include/c/alpaca/llist.h; sourceTree = "<group>"; };
		6D4A0DD21D7E5E8800B35889 /* modules.h */ = {isa = PBXFileReference; fileEncoding = 4; lastKnownFileType = sourcecode.c.h; name = modules.h; path = ../include/c/alpaca/modules.h; sourceTree = "<group>"; };
		6D4A0DD31D7E5E8800B35889 /* mutex.h */ = {isa = PBXFileReference; fileEncoding = 4; lastKnownFileType = sourcecode.c.h; name = mutex.h; path = ../include/c/alpaca/mutex.h; sourceTree = "<group>"; };
		6D4A0DD41D7E5E8800B35889 /* read.h */ = {isa = PBXFileReference; fileEncoding = 4; lastKnownFileType = sourcecode.c.h; name = read.h; path = ../include/c/alpaca/read.h; sourceTree = "<group>"; };
		6D4A0DD51D7E5E8800B35889 /* http.h */ = {isa = PBXFileReference; fileEncoding = 4; lastKnownFileType = sourcecode.c.h; name = http.h; path = ../include/c/alpaca/http.h; sourceTree = "<group>"; };
		6D4A0DD61D7E5E8800B35889 /* server.h */ = {isa = PBXFileReference; fileEncoding = 4; lastKnownFileType = sourcecode.c.h; name = server.h; path = ../include/c/alpaca/server.h; sourceTree = "<group>"; };
		6D4A0DD71D7E5E8800B35889 /* utils.h */ = {isa = PBXFileReference; fileEncoding = 4; lastKnownFileType = sourcecode.c.h; name = utils.h; path = ../include/c/alpaca/utils.h; sourceTree = "<group>"; };
		6D4A0DD91D7E605B00B35889 /* echoserver.c */ = {isa = PBXFileReference; lastKnownFileType = sourcecode.c.c; name = echoserver.c; path = "../src/examples-c/echoserver.c"; sourceTree = "<group>"; };
		6D4A0DDA1D7E605B00B35889 /* httpserver.c */ = {isa = PBXFileReference; lastKnownFileType = sourcecode.c.c; name = httpserver.c; path = "../src/examples-c/httpserver.c"; sourceTree = "<group>"; };
		6DAFC0C11D80A330000FA01D /* connections.hpp */ = {isa = PBXFileReference; fileEncoding = 4; lastKnownFileType = sourcecode.cpp.h; name = connections.hpp; path = ../../include/cpp/alpaca/connections.hpp; sourceTree = "<group>"; };
		6DAFC0C21D80A330000FA01D /* server.hpp */ = {isa = PBXFileReference; fileEncoding = 4; lastKnownFileType = sourcecode.cpp.h; name = server.hpp; path = ../../include/cpp/alpaca/server.hpp; sourceTree = "<group>"; };
		6DAFC0C31D80A374000FA01D /* server.cpp */ = {isa = PBXFileReference; fileEncoding = 4; lastKnownFileType = sourcecode.cpp.cpp; name = server.cpp; path = ../../src/cpp/server.cpp; sourceTree = "<group>"; };
		6DFACC8A1D821053001B0B48 /* emptyserver.cpp */ = {isa = PBXFileReference; fileEncoding = 4; lastKnownFileType = sourcecode.cpp.cpp; name = emptyserver.cpp; path = ../../src/cpp/servers/emptyserver.cpp; sourceTree = "<group>"; };
		6DFACC8C1D82105C001B0B48 /* emptyserver.hpp */ = {isa = PBXFileReference; fileEncoding = 4; lastKnownFileType = sourcecode.cpp.h; name = emptyserver.hpp; path = ../../include/cpp/alpaca/servers/emptyserver.hpp; sourceTree = "<group>"; };
		6DFACC8D1D8211C7001B0B48 /* basicserver.cpp */ = {isa = PBXFileReference; fileEncoding = 4; lastKnownFileType = sourcecode.cpp.cpp; name = basicserver.cpp; path = ../../src/cpp/servers/basicserver.cpp; sourceTree = "<group>"; };
		6DFACC8F1D8211CF001B0B48 /* basicserver.hpp */ = {isa = PBXFileReference; fileEncoding = 4; lastKnownFileType = sourcecode.cpp.h; name = basicserver.hpp; path = ../../include/cpp/alpaca/servers/basicserver.hpp; sourceTree = "<group>"; };
/* End PBXFileReference section */

/* Begin PBXFrameworksBuildPhase section */
		6D4A0D9C1D7E5B1800B35889 /* Frameworks */ = {
			isa = PBXFrameworksBuildPhase;
			buildActionMask = 2147483647;
			files = (
			);
			runOnlyForDeploymentPostprocessing = 0;
		};
/* End PBXFrameworksBuildPhase section */

/* Begin PBXGroup section */
		6D4A0D961D7E5B1800B35889 = {
			isa = PBXGroup;
			children = (
				6D4A0DA11D7E5B1800B35889 /* AlPACAcpp */,
				6D4A0DA01D7E5B1800B35889 /* Products */,
				6D4A0DD81D7E604B00B35889 /* Examples */,
				6D4A0DAC1D7E5DEE00B35889 /* AlPACA */,
			);
			sourceTree = "<group>";
		};
		6D4A0DA01D7E5B1800B35889 /* Products */ = {
			isa = PBXGroup;
			children = (
				6D4A0D9F1D7E5B1800B35889 /* AlPACAcpp */,
			);
			name = Products;
			sourceTree = "<group>";
		};
		6D4A0DA11D7E5B1800B35889 /* AlPACAcpp */ = {
			isa = PBXGroup;
			children = (
				6DFACC891D821045001B0B48 /* servers */,
				6DFACC881D82101C001B0B48 /* src */,
				6DFACC871D821017001B0B48 /* include */,
				6D4A0DA21D7E5B1800B35889 /* main.cpp */,
			);
			path = AlPACAcpp;
			sourceTree = "<group>";
		};
		6D4A0DAC1D7E5DEE00B35889 /* AlPACA */ = {
			isa = PBXGroup;
			children = (
				6D4A0DAE1D7E5E0300B35889 /* include */,
				6D4A0DAD1D7E5DFE00B35889 /* src */,
			);
			name = AlPACA;
			sourceTree = "<group>";
		};
		6D4A0DAD1D7E5DFE00B35889 /* src */ = {
			isa = PBXGroup;
			children = (
				6D4A0DC01D7E5E6D00B35889 /* connections.c */,
				6D4A0DC11D7E5E6D00B35889 /* modules.c */,
				6D4A0DC21D7E5E6D00B35889 /* mutex.c */,
				6D4A0DC31D7E5E6D00B35889 /* read.c */,
				6D4A0DC41D7E5E6D00B35889 /* http.c */,
				6D4A0DC51D7E5E6D00B35889 /* server.c */,
				6D4A0DC61D7E5E6D00B35889 /* utils.c */,
			);
			name = src;
			sourceTree = "<group>";
		};
		6D4A0DAE1D7E5E0300B35889 /* include */ = {
			isa = PBXGroup;
			children = (
				6D4A0DCE1D7E5E8800B35889 /* alpaca.h */,
				6D4A0DCF1D7E5E8800B35889 /* connections.h */,
				6D4A0DD01D7E5E8800B35889 /* defs.h */,
				6D4A0DD11D7E5E8800B35889 /* llist.h */,
				6D4A0DD21D7E5E8800B35889 /* modules.h */,
				6D4A0DD31D7E5E8800B35889 /* mutex.h */,
				6D4A0DD41D7E5E8800B35889 /* read.h */,
				6D4A0DD51D7E5E8800B35889 /* http.h */,
				6D4A0DD61D7E5E8800B35889 /* server.h */,
				6D4A0DD71D7E5E8800B35889 /* utils.h */,
			);
			name = include;
			sourceTree = "<group>";
		};
		6D4A0DD81D7E604B00B35889 /* Examples */ = {
			isa = PBXGroup;
			children = (
				6D4A0DD91D7E605B00B35889 /* echoserver.c */,
				6D4A0DDA1D7E605B00B35889 /* httpserver.c */,
			);
			name = Examples;
			sourceTree = "<group>";
		};
		6DFACC871D821017001B0B48 /* include */ = {
			isa = PBXGroup;
			children = (
				6D4A0DA91D7E5C7300B35889 /* alpaca.hpp */,
				6DAFC0C11D80A330000FA01D /* connections.hpp */,
				6DAFC0C21D80A330000FA01D /* server.hpp */,
			);
			name = include;
			sourceTree = "<group>";
		};
		6DFACC881D82101C001B0B48 /* src */ = {
			isa = PBXGroup;
			children = (
				6D4A0DAA1D7E5C8700B35889 /* connections.cpp */,
				6DAFC0C31D80A374000FA01D /* server.cpp */,
			);
			name = src;
			sourceTree = "<group>";
		};
		6DFACC891D821045001B0B48 /* servers */ = {
			isa = PBXGroup;
			children = (
				6DFACC911D8265F1001B0B48 /* basicserver */,
				6DFACC901D8265EC001B0B48 /* emptyserver */,
			);
			name = servers;
			sourceTree = "<group>";
		};
		6DFACC901D8265EC001B0B48 /* emptyserver */ = {
			isa = PBXGroup;
			children = (
				6DFACC8A1D821053001B0B48 /* emptyserver.cpp */,
				6DFACC8C1D82105C001B0B48 /* emptyserver.hpp */,
			);
			name = emptyserver;
			sourceTree = "<group>";
		};
		6DFACC911D8265F1001B0B48 /* basicserver */ = {
			isa = PBXGroup;
			children = (
				6DFACC8F1D8211CF001B0B48 /* basicserver.hpp */,
				6DFACC8D1D8211C7001B0B48 /* basicserver.cpp */,
			);
			name = basicserver;
			sourceTree = "<group>";
		};
/* End PBXGroup section */

/* Begin PBXNativeTarget section */
		6D4A0D9E1D7E5B1800B35889 /* AlPACAcpp */ = {
			isa = PBXNativeTarget;
			buildConfigurationList = 6D4A0DA61D7E5B1800B35889 /* Build configuration list for PBXNativeTarget "AlPACAcpp" */;
			buildPhases = (
				6D4A0D9B1D7E5B1800B35889 /* Sources */,
				6D4A0D9C1D7E5B1800B35889 /* Frameworks */,
				6D4A0D9D1D7E5B1800B35889 /* CopyFiles */,
			);
			buildRules = (
			);
			dependencies = (
			);
			name = AlPACAcpp;
			productName = AlPACAcpp;
			productReference = 6D4A0D9F1D7E5B1800B35889 /* AlPACAcpp */;
			productType = "com.apple.product-type.tool";
		};
/* End PBXNativeTarget section */

/* Begin PBXProject section */
		6D4A0D971D7E5B1800B35889 /* Project object */ = {
			isa = PBXProject;
			attributes = {
				LastUpgradeCheck = 0730;
				TargetAttributes = {
					6D4A0D9E1D7E5B1800B35889 = {
						CreatedOnToolsVersion = 7.3.1;
					};
				};
			};
			buildConfigurationList = 6D4A0D9A1D7E5B1800B35889 /* Build configuration list for PBXProject "AlPACAcpp" */;
			compatibilityVersion = "Xcode 3.2";
			developmentRegion = English;
			hasScannedForEncodings = 0;
			knownRegions = (
				en,
			);
			mainGroup = 6D4A0D961D7E5B1800B35889;
			productRefGroup = 6D4A0DA01D7E5B1800B35889 /* Products */;
			projectDirPath = "";
			projectRoot = "";
			targets = (
				6D4A0D9E1D7E5B1800B35889 /* AlPACAcpp */,
			);
		};
/* End PBXProject section */

/* Begin PBXSourcesBuildPhase section */
		6D4A0D9B1D7E5B1800B35889 /* Sources */ = {
			isa = PBXSourcesBuildPhase;
			buildActionMask = 2147483647;
			files = (
				6D4A0DCC1D7E5E6D00B35889 /* server.c in Sources */,
				6D4A0DC91D7E5E6D00B35889 /* mutex.c in Sources */,
				6D4A0DA31D7E5B1800B35889 /* main.cpp in Sources */,
				6D4A0DCD1D7E5E6D00B35889 /* utils.c in Sources */,
				6D4A0DC71D7E5E6D00B35889 /* connections.c in Sources */,
				6DFACC8E1D8211C7001B0B48 /* basicserver.cpp in Sources */,
				6D4A0DCB1D7E5E6D00B35889 /* http.c in Sources */,
				6D4A0DAB1D7E5C8700B35889 /* connections.cpp in Sources */,
				6DFACC8B1D821053001B0B48 /* emptyserver.cpp in Sources */,
				6D4A0DC81D7E5E6D00B35889 /* modules.c in Sources */,
				6DAFC0C41D80A374000FA01D /* server.cpp in Sources */,
				6D4A0DCA1D7E5E6D00B35889 /* read.c in Sources */,
			);
			runOnlyForDeploymentPostprocessing = 0;
		};
/* End PBXSourcesBuildPhase section */

/* Begin XCBuildConfiguration section */
		6D4A0DA41D7E5B1800B35889 /* Debug */ = {
			isa = XCBuildConfiguration;
			buildSettings = {
				ALWAYS_SEARCH_USER_PATHS = NO;
				CLANG_ANALYZER_NONNULL = YES;
				CLANG_CXX_LANGUAGE_STANDARD = "gnu++0x";
				CLANG_CXX_LIBRARY = "libc++";
				CLANG_ENABLE_MODULES = YES;
				CLANG_ENABLE_OBJC_ARC = YES;
				CLANG_WARN_BOOL_CONVERSION = YES;
				CLANG_WARN_CONSTANT_CONVERSION = YES;
				CLANG_WARN_DIRECT_OBJC_ISA_USAGE = YES_ERROR;
				CLANG_WARN_EMPTY_BODY = YES;
				CLANG_WARN_ENUM_CONVERSION = YES;
				CLANG_WARN_INT_CONVERSION = YES;
				CLANG_WARN_OBJC_ROOT_CLASS = YES_ERROR;
				CLANG_WARN_UNREACHABLE_CODE = YES;
				CLANG_WARN__DUPLICATE_METHOD_MATCH = YES;
				CODE_SIGN_IDENTITY = "-";
				COPY_PHASE_STRIP = NO;
				DEBUG_INFORMATION_FORMAT = dwarf;
				ENABLE_STRICT_OBJC_MSGSEND = YES;
				ENABLE_TESTABILITY = YES;
				GCC_C_LANGUAGE_STANDARD = gnu99;
				GCC_DYNAMIC_NO_PIC = NO;
				GCC_NO_COMMON_BLOCKS = YES;
				GCC_OPTIMIZATION_LEVEL = 0;
				GCC_PREPROCESSOR_DEFINITIONS = (
					"DEBUG=1",
					"$(inherited)",
				);
				GCC_WARN_64_TO_32_BIT_CONVERSION = YES;
				GCC_WARN_ABOUT_RETURN_TYPE = YES_ERROR;
				GCC_WARN_UNDECLARED_SELECTOR = YES;
				GCC_WARN_UNINITIALIZED_AUTOS = YES_AGGRESSIVE;
				GCC_WARN_UNUSED_FUNCTION = YES;
				GCC_WARN_UNUSED_VARIABLE = YES;
				MACOSX_DEPLOYMENT_TARGET = 10.11;
				MTL_ENABLE_DEBUG_INFO = YES;
				ONLY_ACTIVE_ARCH = YES;
				SDKROOT = macosx;
			};
			name = Debug;
		};
		6D4A0DA51D7E5B1800B35889 /* Release */ = {
			isa = XCBuildConfiguration;
			buildSettings = {
				ALWAYS_SEARCH_USER_PATHS = NO;
				CLANG_ANALYZER_NONNULL = YES;
				CLANG_CXX_LANGUAGE_STANDARD = "gnu++0x";
				CLANG_CXX_LIBRARY = "libc++";
				CLANG_ENABLE_MODULES = YES;
				CLANG_ENABLE_OBJC_ARC = YES;
				CLANG_WARN_BOOL_CONVERSION = YES;
				CLANG_WARN_CONSTANT_CONVERSION = YES;
				CLANG_WARN_DIRECT_OBJC_ISA_USAGE = YES_ERROR;
				CLANG_WARN_EMPTY_BODY = YES;
				CLANG_WARN_ENUM_CONVERSION = YES;
				CLANG_WARN_INT_CONVERSION = YES;
				CLANG_WARN_OBJC_ROOT_CLASS = YES_ERROR;
				CLANG_WARN_UNREACHABLE_CODE = YES;
				CLANG_WARN__DUPLICATE_METHOD_MATCH = YES;
				CODE_SIGN_IDENTITY = "-";
				COPY_PHASE_STRIP = NO;
				DEBUG_INFORMATION_FORMAT = "dwarf-with-dsym";
				ENABLE_NS_ASSERTIONS = NO;
				ENABLE_STRICT_OBJC_MSGSEND = YES;
				GCC_C_LANGUAGE_STANDARD = gnu99;
				GCC_NO_COMMON_BLOCKS = YES;
				GCC_WARN_64_TO_32_BIT_CONVERSION = YES;
				GCC_WARN_ABOUT_RETURN_TYPE = YES_ERROR;
				GCC_WARN_UNDECLARED_SELECTOR = YES;
				GCC_WARN_UNINITIALIZED_AUTOS = YES_AGGRESSIVE;
				GCC_WARN_UNUSED_FUNCTION = YES;
				GCC_WARN_UNUSED_VARIABLE = YES;
				MACOSX_DEPLOYMENT_TARGET = 10.11;
				MTL_ENABLE_DEBUG_INFO = NO;
				SDKROOT = macosx;
			};
			name = Release;
		};
		6D4A0DA71D7E5B1800B35889 /* Debug */ = {
			isa = XCBuildConfiguration;
			buildSettings = {
				HEADER_SEARCH_PATHS = "$(SRCROOT)/../include/**";
				PRODUCT_NAME = "$(TARGET_NAME)";
			};
			name = Debug;
		};
		6D4A0DA81D7E5B1800B35889 /* Release */ = {
			isa = XCBuildConfiguration;
			buildSettings = {
				HEADER_SEARCH_PATHS = "$(SRCROOT)/../include/**";
				PRODUCT_NAME = "$(TARGET_NAME)";
			};
			name = Release;
		};
/* End XCBuildConfiguration section */

/* Begin XCConfigurationList section */
		6D4A0D9A1D7E5B1800B35889 /* Build configuration list for PBXProject "AlPACAcpp" */ = {
			isa = XCConfigurationList;
			buildConfigurations = (
				6D4A0DA41D7E5B1800B35889 /* Debug */,
				6D4A0DA51D7E5B1800B35889 /* Release */,
			);
			defaultConfigurationIsVisible = 0;
			defaultConfigurationName = Release;
		};
		6D4A0DA61D7E5B1800B35889 /* Build configuration list for PBXNativeTarget "AlPACAcpp" */ = {
			isa = XCConfigurationList;
			buildConfigurations = (
				6D4A0DA71D7E5B1800B35889 /* Debug */,
				6D4A0DA81D7E5B1800B35889 /* Release */,
			);
			defaultConfigurationIsVisible = 0;
			defaultConfigurationName = Release;
		};
/* End XCConfigurationList section */
	};
	rootObject = 6D4A0D971D7E5B1800B35889 /* Project object */;
}
